
Microsoft Visual Studio Solution File, Format Version 12.00
# Visual Studio Version 17
VisualStudioVersion = 17.11.35312.102
MinimumVisualStudioVersion = 10.0.40219.1
Project("{FAE04EC0-301F-11D3-BF4B-00C04F79EFBC}") = "Ejercicio_de_Gamalier_6_Csharp", "Ejercicio_de_Gamalier_6_Csharp.csproj", "{2650E810-78DB-4FB5-B7CA-E661D7D08D41}"
EndProject
Global
	GlobalSection(SolutionConfigurationPlatforms) = preSolution
		Debug|Any CPU = Debug|Any CPU
		Release|Any CPU = Release|Any CPU
	EndGlobalSection
	GlobalSection(ProjectConfigurationPlatforms) = postSolution
		{2650E810-78DB-4FB5-B7CA-E661D7D08D41}.Debug|Any CPU.ActiveCfg = Debug|Any CPU
		{2650E810-78DB-4FB5-B7CA-E661D7D08D41}.Debug|Any CPU.Build.0 = Debug|Any CPU
		{2650E810-78DB-4FB5-B7CA-E661D7D08D41}.Release|Any CPU.ActiveCfg = Release|Any CPU
		{2650E810-78DB-4FB5-B7CA-E661D7D08D41}.Release|Any CPU.Build.0 = Release|Any CPU
	EndGlobalSection
	GlobalSection(SolutionProperties) = preSolution
		HideSolutionNode = FALSE
	EndGlobalSection
	GlobalSection(ExtensibilityGlobals) = postSolution
		SolutionGuid = {166E568D-75BD-4E18-A04B-576F0EA7155B}
	EndGlobalSection
EndGlobal
