
Microsoft Visual Studio Solution File, Format Version 12.00
# Visual Studio Version 17
VisualStudioVersion = 17.11.35327.3
MinimumVisualStudioVersion = 10.0.40219.1
Project("{FAE04EC0-301F-11D3-BF4B-00C04F79EFBC}") = "Ejercicios_de_Gamalier_Vivo_Metodo_2_Csharp", "Ejercicios_de_Gamalier_Vivo_Metodo_2_Csharp.csproj", "{A8D1C0D8-8EE9-4E1E-9344-8DB203CE0B3C}"
EndProject
Global
	GlobalSection(SolutionConfigurationPlatforms) = preSolution
		Debug|Any CPU = Debug|Any CPU
		Release|Any CPU = Release|Any CPU
	EndGlobalSection
	GlobalSection(ProjectConfigurationPlatforms) = postSolution
		{A8D1C0D8-8EE9-4E1E-9344-8DB203CE0B3C}.Debug|Any CPU.ActiveCfg = Debug|Any CPU
		{A8D1C0D8-8EE9-4E1E-9344-8DB203CE0B3C}.Debug|Any CPU.Build.0 = Debug|Any CPU
		{A8D1C0D8-8EE9-4E1E-9344-8DB203CE0B3C}.Release|Any CPU.ActiveCfg = Release|Any CPU
		{A8D1C0D8-8EE9-4E1E-9344-8DB203CE0B3C}.Release|Any CPU.Build.0 = Release|Any CPU
	EndGlobalSection
	GlobalSection(SolutionProperties) = preSolution
		HideSolutionNode = FALSE
	EndGlobalSection
	GlobalSection(ExtensibilityGlobals) = postSolution
		SolutionGuid = {A7C1476C-C162-49C4-8B96-49D4D41830BF}
	EndGlobalSection
EndGlobal
