
Microsoft Visual Studio Solution File, Format Version 12.00
# Visual Studio Version 17
VisualStudioVersion = 17.11.35312.102
MinimumVisualStudioVersion = 10.0.40219.1
Project("{FAE04EC0-301F-11D3-BF4B-00C04F79EFBC}") = "Ejercicios_de_Gamalier_1_Csharp", "Ejercicios_de_Gamalier_1_Csharp.csproj", "{A7357068-349B-4789-8F63-90143B3F21D4}"
EndProject
Project("{FAE04EC0-301F-11D3-BF4B-00C04F79EFBC}") = "Ejercicios_de_Gamalier_2_Csharp", "..\Ejercicios_de_Gamalier_2_Csharp\Ejercicios_de_Gamalier_2_Csharp.csproj", "{97448F3D-382F-4062-B866-EA2A6E7DEC0B}"
EndProject
Project("{FAE04EC0-301F-11D3-BF4B-00C04F79EFBC}") = "Ejercicios_de_Gamalier_3_Csharp", "..\Ejercicios_de_Gamalier_3_Csharp\Ejercicios_de_Gamalier_3_Csharp.csproj", "{69060468-A6FE-48CA-96CC-D157495F9309}"
EndProject
Project("{FAE04EC0-301F-11D3-BF4B-00C04F79EFBC}") = "Ejercicios_de_Gamalier_4_Csharp", "..\Ejercicios_de_Gamalier_4_Csharp\Ejercicios_de_Gamalier_4_Csharp.csproj", "{CE38B0E2-95DE-4CCD-BCB7-CFBDB8F1DEF4}"
EndProject
Project("{FAE04EC0-301F-11D3-BF4B-00C04F79EFBC}") = "Ejercicios_de_Gamalier_5_Csharp", "..\Ejercicios_de_Gamalier_5_Csharp\Ejercicios_de_Gamalier_5_Csharp.csproj", "{374E5B16-F721-48AB-AA11-CDBA7B2F70EF}"
EndProject
Global
	GlobalSection(SolutionConfigurationPlatforms) = preSolution
		Debug|Any CPU = Debug|Any CPU
		Release|Any CPU = Release|Any CPU
	EndGlobalSection
	GlobalSection(ProjectConfigurationPlatforms) = postSolution
		{A7357068-349B-4789-8F63-90143B3F21D4}.Debug|Any CPU.ActiveCfg = Debug|Any CPU
		{A7357068-349B-4789-8F63-90143B3F21D4}.Debug|Any CPU.Build.0 = Debug|Any CPU
		{A7357068-349B-4789-8F63-90143B3F21D4}.Release|Any CPU.ActiveCfg = Release|Any CPU
		{A7357068-349B-4789-8F63-90143B3F21D4}.Release|Any CPU.Build.0 = Release|Any CPU
		{97448F3D-382F-4062-B866-EA2A6E7DEC0B}.Debug|Any CPU.ActiveCfg = Debug|Any CPU
		{97448F3D-382F-4062-B866-EA2A6E7DEC0B}.Debug|Any CPU.Build.0 = Debug|Any CPU
		{97448F3D-382F-4062-B866-EA2A6E7DEC0B}.Release|Any CPU.ActiveCfg = Release|Any CPU
		{97448F3D-382F-4062-B866-EA2A6E7DEC0B}.Release|Any CPU.Build.0 = Release|Any CPU
		{69060468-A6FE-48CA-96CC-D157495F9309}.Debug|Any CPU.ActiveCfg = Debug|Any CPU
		{69060468-A6FE-48CA-96CC-D157495F9309}.Debug|Any CPU.Build.0 = Debug|Any CPU
		{69060468-A6FE-48CA-96CC-D157495F9309}.Release|Any CPU.ActiveCfg = Release|Any CPU
		{69060468-A6FE-48CA-96CC-D157495F9309}.Release|Any CPU.Build.0 = Release|Any CPU
		{CE38B0E2-95DE-4CCD-BCB7-CFBDB8F1DEF4}.Debug|Any CPU.ActiveCfg = Debug|Any CPU
		{CE38B0E2-95DE-4CCD-BCB7-CFBDB8F1DEF4}.Debug|Any CPU.Build.0 = Debug|Any CPU
		{CE38B0E2-95DE-4CCD-BCB7-CFBDB8F1DEF4}.Release|Any CPU.ActiveCfg = Release|Any CPU
		{CE38B0E2-95DE-4CCD-BCB7-CFBDB8F1DEF4}.Release|Any CPU.Build.0 = Release|Any CPU
		{374E5B16-F721-48AB-AA11-CDBA7B2F70EF}.Debug|Any CPU.ActiveCfg = Debug|Any CPU
		{374E5B16-F721-48AB-AA11-CDBA7B2F70EF}.Debug|Any CPU.Build.0 = Debug|Any CPU
		{374E5B16-F721-48AB-AA11-CDBA7B2F70EF}.Release|Any CPU.ActiveCfg = Release|Any CPU
		{374E5B16-F721-48AB-AA11-CDBA7B2F70EF}.Release|Any CPU.Build.0 = Release|Any CPU
	EndGlobalSection
	GlobalSection(SolutionProperties) = preSolution
		HideSolutionNode = FALSE
	EndGlobalSection
	GlobalSection(ExtensibilityGlobals) = postSolution
		SolutionGuid = {EA92C271-021E-460C-8CC6-D3C5BC2152A2}
	EndGlobalSection
EndGlobal
